// !$*UTF8*$!
{
	archiveVersion = 1;
	classes = {
	};
	objectVersion = 54;
	objects = {

/* Begin PBXBuildFile section */
		06F47B5A3FFD4CFFA72115D9 /* Poppins-BoldItalic.ttf in Resources */ = {isa = PBXBuildFile; fileRef = FFA15BBD99C24C30AD481A6C /* Poppins-BoldItalic.ttf */; };
		0A2E8B0D63E941FA9612814D /* Poppins-ThinItalic.ttf in Resources */ = {isa = PBXBuildFile; fileRef = 5420FA6643574A19962996BA /* Poppins-ThinItalic.ttf */; };
		0C80B921A6F3F58F76C31292 /* libPods-aiademo.a in Frameworks */ = {isa = PBXBuildFile; fileRef = 5DCACB8F33CDC322A6C60F78 /* libPods-aiademo.a */; };
		0FBD49AB15824AB29A529D87 /* Poppins-SemiBoldItalic.ttf in Resources */ = {isa = PBXBuildFile; fileRef = 850C4C6A449A48B58BFB3197 /* Poppins-SemiBoldItalic.ttf */; };
		13B07FBF1A68108700A75B9A /* Images.xcassets in Resources */ = {isa = PBXBuildFile; fileRef = 13B07FB51A68108700A75B9A /* Images.xcassets */; };
		183FC41C2DA3DD8600E093DC /* Foundation.ttf in Resources */ = {isa = PBXBuildFile; fileRef = 183FC4142DA3DD8600E093DC /* Foundation.ttf */; };
		183FC41D2DA3DD8600E093DC /* FontAwesome5_Solid.ttf in Resources */ = {isa = PBXBuildFile; fileRef = 183FC40F2DA3DD8600E093DC /* FontAwesome5_Solid.ttf */; };
		183FC41E2DA3DD8600E093DC /* FontAwesome5_Brands.ttf in Resources */ = {isa = PBXBuildFile; fileRef = 183FC40D2DA3DD8600E093DC /* FontAwesome5_Brands.ttf */; };
		183FC41F2DA3DD8600E093DC /* Fontisto.ttf in Resources */ = {isa = PBXBuildFile; fileRef = 183FC4132DA3DD8600E093DC /* Fontisto.ttf */; };
		183FC4202DA3DD8600E093DC /* SimpleLineIcons.ttf in Resources */ = {isa = PBXBuildFile; fileRef = 183FC4192DA3DD8600E093DC /* SimpleLineIcons.ttf */; };
		183FC4212DA3DD8600E093DC /* FontAwesome6_Brands.ttf in Resources */ = {isa = PBXBuildFile; fileRef = 183FC4102DA3DD8600E093DC /* FontAwesome6_Brands.ttf */; };
		183FC4222DA3DD8600E093DC /* MaterialIcons.ttf in Resources */ = {isa = PBXBuildFile; fileRef = 183FC4172DA3DD8600E093DC /* MaterialIcons.ttf */; };
		183FC4232DA3DD8600E093DC /* EvilIcons.ttf in Resources */ = {isa = PBXBuildFile; fileRef = 183FC40A2DA3DD8600E093DC /* EvilIcons.ttf */; };
		183FC4242DA3DD8600E093DC /* FontAwesome6_Solid.ttf in Resources */ = {isa = PBXBuildFile; fileRef = 183FC4122DA3DD8600E093DC /* FontAwesome6_Solid.ttf */; };
		183FC4252DA3DD8600E093DC /* AntDesign.ttf in Resources */ = {isa = PBXBuildFile; fileRef = 183FC4082DA3DD8600E093DC /* AntDesign.ttf */; };
		183FC4262DA3DD8600E093DC /* Zocial.ttf in Resources */ = {isa = PBXBuildFile; fileRef = 183FC41A2DA3DD8600E093DC /* Zocial.ttf */; };
		183FC4272DA3DD8600E093DC /* Entypo.ttf in Resources */ = {isa = PBXBuildFile; fileRef = 183FC4092DA3DD8600E093DC /* Entypo.ttf */; };
		183FC4282DA3DD8600E093DC /* Ionicons.ttf in Resources */ = {isa = PBXBuildFile; fileRef = 183FC4152DA3DD8600E093DC /* Ionicons.ttf */; };
		183FC4292DA3DD8600E093DC /* Octicons.ttf in Resources */ = {isa = PBXBuildFile; fileRef = 183FC4182DA3DD8600E093DC /* Octicons.ttf */; };
		183FC42A2DA3DD8600E093DC /* FontAwesome.ttf in Resources */ = {isa = PBXBuildFile; fileRef = 183FC40C2DA3DD8600E093DC /* FontAwesome.ttf */; };
		183FC42B2DA3DD8600E093DC /* Feather.ttf in Resources */ = {isa = PBXBuildFile; fileRef = 183FC40B2DA3DD8600E093DC /* Feather.ttf */; };
		183FC42C2DA3DD8600E093DC /* FontAwesome5_Regular.ttf in Resources */ = {isa = PBXBuildFile; fileRef = 183FC40E2DA3DD8600E093DC /* FontAwesome5_Regular.ttf */; };
		183FC42D2DA3DD8600E093DC /* MaterialCommunityIcons.ttf in Resources */ = {isa = PBXBuildFile; fileRef = 183FC4162DA3DD8600E093DC /* MaterialCommunityIcons.ttf */; };
		183FC42E2DA3DD8600E093DC /* FontAwesome6_Regular.ttf in Resources */ = {isa = PBXBuildFile; fileRef = 183FC4112DA3DD8600E093DC /* FontAwesome6_Regular.ttf */; };
		2B2CD515D6D34D0A9DBED174 /* Poppins-Black.ttf in Resources */ = {isa = PBXBuildFile; fileRef = A6F3D69CB878403FAAFB9E6D /* Poppins-Black.ttf */; };
		37D190F5C4D840A1B81921B6 /* Poppins-BlackItalic.ttf in Resources */ = {isa = PBXBuildFile; fileRef = D0BD13D85AB4413482F2B65A /* Poppins-BlackItalic.ttf */; };
		3BBF16BF80584206B6644471 /* Poppins-Italic.ttf in Resources */ = {isa = PBXBuildFile; fileRef = C5478D3E438B4795BF0F8782 /* Poppins-Italic.ttf */; };
		3E48CE0BB98442938E79B49C /* Poppins-MediumItalic.ttf in Resources */ = {isa = PBXBuildFile; fileRef = 24BCB6AB7C1A4804869C9BB0 /* Poppins-MediumItalic.ttf */; };
		5A5924FC5FFA84611464951A /* PrivacyInfo.xcprivacy in Resources */ = {isa = PBXBuildFile; fileRef = 13B07FB81A68108700A75B9A /* PrivacyInfo.xcprivacy */; };
		5F4A2D68D9EB42ED84F61749 /* Poppins-Thin.ttf in Resources */ = {isa = PBXBuildFile; fileRef = 55844A06ED3940B7AA9F54B0 /* Poppins-Thin.ttf */; };
		635300348A3A4AE2B6B5C70A /* Poppins-ExtraLight.ttf in Resources */ = {isa = PBXBuildFile; fileRef = 916580FE63334D6A9DD7DEFE /* Poppins-ExtraLight.ttf */; };
		761780ED2CA45674006654EE /* AppDelegate.swift in Sources */ = {isa = PBXBuildFile; fileRef = 761780EC2CA45674006654EE /* AppDelegate.swift */; };
		7E26EBBF318547BB80826B90 /* Poppins-ExtraBoldItalic.ttf in Resources */ = {isa = PBXBuildFile; fileRef = D37D4D8FEF8D43A5918147AF /* Poppins-ExtraBoldItalic.ttf */; };
		81824ADD58684537B81E558D /* Poppins-Medium.ttf in Resources */ = {isa = PBXBuildFile; fileRef = 81660E80113A4EF5B6F6DD81 /* Poppins-Medium.ttf */; };
		81AB9BB82411601600AC10FF /* LaunchScreen.storyboard in Resources */ = {isa = PBXBuildFile; fileRef = 81AB9BB72411601600AC10FF /* LaunchScreen.storyboard */; };
		87D947234EE74C498C672EA2 /* Poppins-ExtraBold.ttf in Resources */ = {isa = PBXBuildFile; fileRef = DE97B6EDB15F48ECA02DC096 /* Poppins-ExtraBold.ttf */; };
		9493D9B04005429B8F4AA60B /* Poppins-LightItalic.ttf in Resources */ = {isa = PBXBuildFile; fileRef = C85AB36EAB9C4EE3A7E189E6 /* Poppins-LightItalic.ttf */; };
		A1A062AE08544E9FAB2C2AA8 /* Poppins-ExtraLightItalic.ttf in Resources */ = {isa = PBXBuildFile; fileRef = 2718FFB511024BB5AB415E48 /* Poppins-ExtraLightItalic.ttf */; };
		AE35708139BA4C26979B2E6A /* Poppins-Regular.ttf in Resources */ = {isa = PBXBuildFile; fileRef = 2765072FD22A471FB2BCAE14 /* Poppins-Regular.ttf */; };
		BF91B809507D49E59AD6EAE2 /* Poppins-Light.ttf in Resources */ = {isa = PBXBuildFile; fileRef = 285FA83B9CF548F78901C7E2 /* Poppins-Light.ttf */; };
		D5359D97322C4DD3B6C072C1 /* OFL.txt in Resources */ = {isa = PBXBuildFile; fileRef = 10E743DC1B4D4A39A542F191 /* OFL.txt */; };
		DC2A6F211D9A4577B85B39E9 /* Poppins-Bold.ttf in Resources */ = {isa = PBXBuildFile; fileRef = 354F14C5F338482C9C9EC25A /* Poppins-Bold.ttf */; };
		F32E9C3C3A7D4071830F0C8D /* Poppins-SemiBold.ttf in Resources */ = {isa = PBXBuildFile; fileRef = 236A566A762947B8BB9E815F /* Poppins-SemiBold.ttf */; };
/* End PBXBuildFile section */

/* Begin PBXFileReference section */
		10E743DC1B4D4A39A542F191 /* OFL.txt */ = {isa = PBXFileReference; explicitFileType = undefined; fileEncoding = 9; includeInIndex = 0; lastKnownFileType = unknown; name = OFL.txt; path = ../src/assets/fonts/OFL.txt; sourceTree = "<group>"; };
		13B07F961A680F5B00A75B9A /* aiademo.app */ = {isa = PBXFileReference; explicitFileType = wrapper.application; includeInIndex = 0; path = aiademo.app; sourceTree = BUILT_PRODUCTS_DIR; };
		13B07FB51A68108700A75B9A /* Images.xcassets */ = {isa = PBXFileReference; lastKnownFileType = folder.assetcatalog; name = Images.xcassets; path = aiademo/Images.xcassets; sourceTree = "<group>"; };
		13B07FB61A68108700A75B9A /* Info.plist */ = {isa = PBXFileReference; fileEncoding = 4; lastKnownFileType = text.plist.xml; name = Info.plist; path = aiademo/Info.plist; sourceTree = "<group>"; };
		13B07FB81A68108700A75B9A /* PrivacyInfo.xcprivacy */ = {isa = PBXFileReference; fileEncoding = 4; lastKnownFileType = text.plist.xml; name = PrivacyInfo.xcprivacy; path = aiademo/PrivacyInfo.xcprivacy; sourceTree = "<group>"; };
		183FC4082DA3DD8600E093DC /* AntDesign.ttf */ = {isa = PBXFileReference; lastKnownFileType = file; path = AntDesign.ttf; sourceTree = "<group>"; };
		183FC4092DA3DD8600E093DC /* Entypo.ttf */ = {isa = PBXFileReference; lastKnownFileType = file; path = Entypo.ttf; sourceTree = "<group>"; };
		183FC40A2DA3DD8600E093DC /* EvilIcons.ttf */ = {isa = PBXFileReference; lastKnownFileType = file; path = EvilIcons.ttf; sourceTree = "<group>"; };
		183FC40B2DA3DD8600E093DC /* Feather.ttf */ = {isa = PBXFileReference; lastKnownFileType = file; path = Feather.ttf; sourceTree = "<group>"; };
		183FC40C2DA3DD8600E093DC /* FontAwesome.ttf */ = {isa = PBXFileReference; lastKnownFileType = file; path = FontAwesome.ttf; sourceTree = "<group>"; };
		183FC40D2DA3DD8600E093DC /* FontAwesome5_Brands.ttf */ = {isa = PBXFileReference; lastKnownFileType = file; path = FontAwesome5_Brands.ttf; sourceTree = "<group>"; };
		183FC40E2DA3DD8600E093DC /* FontAwesome5_Regular.ttf */ = {isa = PBXFileReference; lastKnownFileType = file; path = FontAwesome5_Regular.ttf; sourceTree = "<group>"; };
		183FC40F2DA3DD8600E093DC /* FontAwesome5_Solid.ttf */ = {isa = PBXFileReference; lastKnownFileType = file; path = FontAwesome5_Solid.ttf; sourceTree = "<group>"; };
		183FC4102DA3DD8600E093DC /* FontAwesome6_Brands.ttf */ = {isa = PBXFileReference; lastKnownFileType = file; path = FontAwesome6_Brands.ttf; sourceTree = "<group>"; };
		183FC4112DA3DD8600E093DC /* FontAwesome6_Regular.ttf */ = {isa = PBXFileReference; lastKnownFileType = file; path = FontAwesome6_Regular.ttf; sourceTree = "<group>"; };
		183FC4122DA3DD8600E093DC /* FontAwesome6_Solid.ttf */ = {isa = PBXFileReference; lastKnownFileType = file; path = FontAwesome6_Solid.ttf; sourceTree = "<group>"; };
		183FC4132DA3DD8600E093DC /* Fontisto.ttf */ = {isa = PBXFileReference; lastKnownFileType = file; path = Fontisto.ttf; sourceTree = "<group>"; };
		183FC4142DA3DD8600E093DC /* Foundation.ttf */ = {isa = PBXFileReference; lastKnownFileType = file; path = Foundation.ttf; sourceTree = "<group>"; };
		183FC4152DA3DD8600E093DC /* Ionicons.ttf */ = {isa = PBXFileReference; lastKnownFileType = file; path = Ionicons.ttf; sourceTree = "<group>"; };
		183FC4162DA3DD8600E093DC /* MaterialCommunityIcons.ttf */ = {isa = PBXFileReference; lastKnownFileType = file; path = MaterialCommunityIcons.ttf; sourceTree = "<group>"; };
		183FC4172DA3DD8600E093DC /* MaterialIcons.ttf */ = {isa = PBXFileReference; lastKnownFileType = file; path = MaterialIcons.ttf; sourceTree = "<group>"; };
		183FC4182DA3DD8600E093DC /* Octicons.ttf */ = {isa = PBXFileReference; lastKnownFileType = file; path = Octicons.ttf; sourceTree = "<group>"; };
		183FC4192DA3DD8600E093DC /* SimpleLineIcons.ttf */ = {isa = PBXFileReference; lastKnownFileType = file; path = SimpleLineIcons.ttf; sourceTree = "<group>"; };
		183FC41A2DA3DD8600E093DC /* Zocial.ttf */ = {isa = PBXFileReference; lastKnownFileType = file; path = Zocial.ttf; sourceTree = "<group>"; };
		236A566A762947B8BB9E815F /* Poppins-SemiBold.ttf */ = {isa = PBXFileReference; explicitFileType = undefined; fileEncoding = 9; includeInIndex = 0; lastKnownFileType = unknown; name = "Poppins-SemiBold.ttf"; path = "../src/assets/fonts/Poppins-SemiBold.ttf"; sourceTree = "<group>"; };
		24BCB6AB7C1A4804869C9BB0 /* Poppins-MediumItalic.ttf */ = {isa = PBXFileReference; explicitFileType = undefined; fileEncoding = 9; includeInIndex = 0; lastKnownFileType = unknown; name = "Poppins-MediumItalic.ttf"; path = "../src/assets/fonts/Poppins-MediumItalic.ttf"; sourceTree = "<group>"; };
		2718FFB511024BB5AB415E48 /* Poppins-ExtraLightItalic.ttf */ = {isa = PBXFileReference; explicitFileType = undefined; fileEncoding = 9; includeInIndex = 0; lastKnownFileType = unknown; name = "Poppins-ExtraLightItalic.ttf"; path = "../src/assets/fonts/Poppins-ExtraLightItalic.ttf"; sourceTree = "<group>"; };
		2765072FD22A471FB2BCAE14 /* Poppins-Regular.ttf */ = {isa = PBXFileReference; explicitFileType = undefined; fileEncoding = 9; includeInIndex = 0; lastKnownFileType = unknown; name = "Poppins-Regular.ttf"; path = "../src/assets/fonts/Poppins-Regular.ttf"; sourceTree = "<group>"; };
		285FA83B9CF548F78901C7E2 /* Poppins-Light.ttf */ = {isa = PBXFileReference; explicitFileType = undefined; fileEncoding = 9; includeInIndex = 0; lastKnownFileType = unknown; name = "Poppins-Light.ttf"; path = "../src/assets/fonts/Poppins-Light.ttf"; sourceTree = "<group>"; };
		354F14C5F338482C9C9EC25A /* Poppins-Bold.ttf */ = {isa = PBXFileReference; explicitFileType = undefined; fileEncoding = 9; includeInIndex = 0; lastKnownFileType = unknown; name = "Poppins-Bold.ttf"; path = "../src/assets/fonts/Poppins-Bold.ttf"; sourceTree = "<group>"; };
		3B4392A12AC88292D35C810B /* Pods-aiademo.debug.xcconfig */ = {isa = PBXFileReference; includeInIndex = 1; lastKnownFileType = text.xcconfig; name = "Pods-aiademo.debug.xcconfig"; path = "Target Support Files/Pods-aiademo/Pods-aiademo.debug.xcconfig"; sourceTree = "<group>"; };
		5420FA6643574A19962996BA /* Poppins-ThinItalic.ttf */ = {isa = PBXFileReference; explicitFileType = undefined; fileEncoding = 9; includeInIndex = 0; lastKnownFileType = unknown; name = "Poppins-ThinItalic.ttf"; path = "../src/assets/fonts/Poppins-ThinItalic.ttf"; sourceTree = "<group>"; };
		55844A06ED3940B7AA9F54B0 /* Poppins-Thin.ttf */ = {isa = PBXFileReference; explicitFileType = undefined; fileEncoding = 9; includeInIndex = 0; lastKnownFileType = unknown; name = "Poppins-Thin.ttf"; path = "../src/assets/fonts/Poppins-Thin.ttf"; sourceTree = "<group>"; };
		5709B34CF0A7D63546082F79 /* Pods-aiademo.release.xcconfig */ = {isa = PBXFileReference; includeInIndex = 1; lastKnownFileType = text.xcconfig; name = "Pods-aiademo.release.xcconfig"; path = "Target Support Files/Pods-aiademo/Pods-aiademo.release.xcconfig"; sourceTree = "<group>"; };
		5DCACB8F33CDC322A6C60F78 /* libPods-aiademo.a */ = {isa = PBXFileReference; explicitFileType = archive.ar; includeInIndex = 0; path = "libPods-aiademo.a"; sourceTree = BUILT_PRODUCTS_DIR; };
		761780EC2CA45674006654EE /* AppDelegate.swift */ = {isa = PBXFileReference; lastKnownFileType = sourcecode.swift; name = AppDelegate.swift; path = aiademo/AppDelegate.swift; sourceTree = "<group>"; };
		81660E80113A4EF5B6F6DD81 /* Poppins-Medium.ttf */ = {isa = PBXFileReference; explicitFileType = undefined; fileEncoding = 9; includeInIndex = 0; lastKnownFileType = unknown; name = "Poppins-Medium.ttf"; path = "../src/assets/fonts/Poppins-Medium.ttf"; sourceTree = "<group>"; };
		81AB9BB72411601600AC10FF /* LaunchScreen.storyboard */ = {isa = PBXFileReference; fileEncoding = 4; lastKnownFileType = file.storyboard; name = LaunchScreen.storyboard; path = aiademo/LaunchScreen.storyboard; sourceTree = "<group>"; };
		850C4C6A449A48B58BFB3197 /* Poppins-SemiBoldItalic.ttf */ = {isa = PBXFileReference; explicitFileType = undefined; fileEncoding = 9; includeInIndex = 0; lastKnownFileType = unknown; name = "Poppins-SemiBoldItalic.ttf"; path = "../src/assets/fonts/Poppins-SemiBoldItalic.ttf"; sourceTree = "<group>"; };
		916580FE63334D6A9DD7DEFE /* Poppins-ExtraLight.ttf */ = {isa = PBXFileReference; explicitFileType = undefined; fileEncoding = 9; includeInIndex = 0; lastKnownFileType = unknown; name = "Poppins-ExtraLight.ttf"; path = "../src/assets/fonts/Poppins-ExtraLight.ttf"; sourceTree = "<group>"; };
		A6F3D69CB878403FAAFB9E6D /* Poppins-Black.ttf */ = {isa = PBXFileReference; explicitFileType = undefined; fileEncoding = 9; includeInIndex = 0; lastKnownFileType = unknown; name = "Poppins-Black.ttf"; path = "../src/assets/fonts/Poppins-Black.ttf"; sourceTree = "<group>"; };
		C5478D3E438B4795BF0F8782 /* Poppins-Italic.ttf */ = {isa = PBXFileReference; explicitFileType = undefined; fileEncoding = 9; includeInIndex = 0; lastKnownFileType = unknown; name = "Poppins-Italic.ttf"; path = "../src/assets/fonts/Poppins-Italic.ttf"; sourceTree = "<group>"; };
		C85AB36EAB9C4EE3A7E189E6 /* Poppins-LightItalic.ttf */ = {isa = PBXFileReference; explicitFileType = undefined; fileEncoding = 9; includeInIndex = 0; lastKnownFileType = unknown; name = "Poppins-LightItalic.ttf"; path = "../src/assets/fonts/Poppins-LightItalic.ttf"; sourceTree = "<group>"; };
		D0BD13D85AB4413482F2B65A /* Poppins-BlackItalic.ttf */ = {isa = PBXFileReference; explicitFileType = undefined; fileEncoding = 9; includeInIndex = 0; lastKnownFileType = unknown; name = "Poppins-BlackItalic.ttf"; path = "../src/assets/fonts/Poppins-BlackItalic.ttf"; sourceTree = "<group>"; };
		D37D4D8FEF8D43A5918147AF /* Poppins-ExtraBoldItalic.ttf */ = {isa = PBXFileReference; explicitFileType = undefined; fileEncoding = 9; includeInIndex = 0; lastKnownFileType = unknown; name = "Poppins-ExtraBoldItalic.ttf"; path = "../src/assets/fonts/Poppins-ExtraBoldItalic.ttf"; sourceTree = "<group>"; };
		DE97B6EDB15F48ECA02DC096 /* Poppins-ExtraBold.ttf */ = {isa = PBXFileReference; explicitFileType = undefined; fileEncoding = 9; includeInIndex = 0; lastKnownFileType = unknown; name = "Poppins-ExtraBold.ttf"; path = "../src/assets/fonts/Poppins-ExtraBold.ttf"; sourceTree = "<group>"; };
		ED297162215061F000B7C4FE /* JavaScriptCore.framework */ = {isa = PBXFileReference; lastKnownFileType = wrapper.framework; name = JavaScriptCore.framework; path = System/Library/Frameworks/JavaScriptCore.framework; sourceTree = SDKROOT; };
		FFA15BBD99C24C30AD481A6C /* Poppins-BoldItalic.ttf */ = {isa = PBXFileReference; explicitFileType = undefined; fileEncoding = 9; includeInIndex = 0; lastKnownFileType = unknown; name = "Poppins-BoldItalic.ttf"; path = "../src/assets/fonts/Poppins-BoldItalic.ttf"; sourceTree = "<group>"; };
/* End PBXFileReference section */

/* Begin PBXFrameworksBuildPhase section */
		13B07F8C1A680F5B00A75B9A /* Frameworks */ = {
			isa = PBXFrameworksBuildPhase;
			buildActionMask = 2147483647;
			files = (
				0C80B921A6F3F58F76C31292 /* libPods-aiademo.a in Frameworks */,
			);
			runOnlyForDeploymentPostprocessing = 0;
		};
/* End PBXFrameworksBuildPhase section */

/* Begin PBXGroup section */
		13B07FAE1A68108700A75B9A /* aiademo */ = {
			isa = PBXGroup;
			children = (
				13B07FB51A68108700A75B9A /* Images.xcassets */,
				761780EC2CA45674006654EE /* AppDelegate.swift */,
				13B07FB61A68108700A75B9A /* Info.plist */,
				81AB9BB72411601600AC10FF /* LaunchScreen.storyboard */,
				13B07FB81A68108700A75B9A /* PrivacyInfo.xcprivacy */,
				183FC41B2DA3DD8600E093DC /* Fonts */,
			);
			name = aiademo;
			sourceTree = "<group>";
		};
		183FC41B2DA3DD8600E093DC /* Fonts */ = {
			isa = PBXGroup;
			children = (
				183FC4082DA3DD8600E093DC /* AntDesign.ttf */,
				183FC4092DA3DD8600E093DC /* Entypo.ttf */,
				183FC40A2DA3DD8600E093DC /* EvilIcons.ttf */,
				183FC40B2DA3DD8600E093DC /* Feather.ttf */,
				183FC40C2DA3DD8600E093DC /* FontAwesome.ttf */,
				183FC40D2DA3DD8600E093DC /* FontAwesome5_Brands.ttf */,
				183FC40E2DA3DD8600E093DC /* FontAwesome5_Regular.ttf */,
				183FC40F2DA3DD8600E093DC /* FontAwesome5_Solid.ttf */,
				183FC4102DA3DD8600E093DC /* FontAwesome6_Brands.ttf */,
				183FC4112DA3DD8600E093DC /* FontAwesome6_Regular.ttf */,
				183FC4122DA3DD8600E093DC /* FontAwesome6_Solid.ttf */,
				183FC4132DA3DD8600E093DC /* Fontisto.ttf */,
				183FC4142DA3DD8600E093DC /* Foundation.ttf */,
				183FC4152DA3DD8600E093DC /* Ionicons.ttf */,
				183FC4162DA3DD8600E093DC /* MaterialCommunityIcons.ttf */,
				183FC4172DA3DD8600E093DC /* MaterialIcons.ttf */,
				183FC4182DA3DD8600E093DC /* Octicons.ttf */,
				183FC4192DA3DD8600E093DC /* SimpleLineIcons.ttf */,
				183FC41A2DA3DD8600E093DC /* Zocial.ttf */,
			);
			path = Fonts;
			sourceTree = "<group>";
		};
		2D16E6871FA4F8E400B85C8A /* Frameworks */ = {
			isa = PBXGroup;
			children = (
				ED297162215061F000B7C4FE /* JavaScriptCore.framework */,
				5DCACB8F33CDC322A6C60F78 /* libPods-aiademo.a */,
			);
			name = Frameworks;
			sourceTree = "<group>";
		};
		832341AE1AAA6A7D00B99B32 /* Libraries */ = {
			isa = PBXGroup;
			children = (
			);
			name = Libraries;
			sourceTree = "<group>";
		};
		83CBB9F61A601CBA00E9B192 = {
			isa = PBXGroup;
			children = (
				13B07FAE1A68108700A75B9A /* aiademo */,
				832341AE1AAA6A7D00B99B32 /* Libraries */,
				83CBBA001A601CBA00E9B192 /* Products */,
				2D16E6871FA4F8E400B85C8A /* Frameworks */,
				BBD78D7AC51CEA395F1C20DB /* Pods */,
				F39FD5AF550F40A99EBB96BB /* Resources */,
			);
			indentWidth = 2;
			sourceTree = "<group>";
			tabWidth = 2;
			usesTabs = 0;
		};
		83CBBA001A601CBA00E9B192 /* Products */ = {
			isa = PBXGroup;
			children = (
				13B07F961A680F5B00A75B9A /* aiademo.app */,
			);
			name = Products;
			sourceTree = "<group>";
		};
		BBD78D7AC51CEA395F1C20DB /* Pods */ = {
			isa = PBXGroup;
			children = (
				3B4392A12AC88292D35C810B /* Pods-aiademo.debug.xcconfig */,
				5709B34CF0A7D63546082F79 /* Pods-aiademo.release.xcconfig */,
			);
			path = Pods;
			sourceTree = "<group>";
		};
		F39FD5AF550F40A99EBB96BB /* Resources */ = {
			isa = PBXGroup;
			children = (
				A6F3D69CB878403FAAFB9E6D /* Poppins-Black.ttf */,
				D0BD13D85AB4413482F2B65A /* Poppins-BlackItalic.ttf */,
				354F14C5F338482C9C9EC25A /* Poppins-Bold.ttf */,
				FFA15BBD99C24C30AD481A6C /* Poppins-BoldItalic.ttf */,
				DE97B6EDB15F48ECA02DC096 /* Poppins-ExtraBold.ttf */,
				D37D4D8FEF8D43A5918147AF /* Poppins-ExtraBoldItalic.ttf */,
				916580FE63334D6A9DD7DEFE /* Poppins-ExtraLight.ttf */,
				2718FFB511024BB5AB415E48 /* Poppins-ExtraLightItalic.ttf */,
				C5478D3E438B4795BF0F8782 /* Poppins-Italic.ttf */,
				285FA83B9CF548F78901C7E2 /* Poppins-Light.ttf */,
				C85AB36EAB9C4EE3A7E189E6 /* Poppins-LightItalic.ttf */,
				81660E80113A4EF5B6F6DD81 /* Poppins-Medium.ttf */,
				24BCB6AB7C1A4804869C9BB0 /* Poppins-MediumItalic.ttf */,
				2765072FD22A471FB2BCAE14 /* Poppins-Regular.ttf */,
				236A566A762947B8BB9E815F /* Poppins-SemiBold.ttf */,
				850C4C6A449A48B58BFB3197 /* Poppins-SemiBoldItalic.ttf */,
				55844A06ED3940B7AA9F54B0 /* Poppins-Thin.ttf */,
				5420FA6643574A19962996BA /* Poppins-ThinItalic.ttf */,
				10E743DC1B4D4A39A542F191 /* OFL.txt */,
			);
			name = Resources;
			sourceTree = "<group>";
		};
/* End PBXGroup section */

/* Begin PBXNativeTarget section */
		13B07F861A680F5B00A75B9A /* aiademo */ = {
			isa = PBXNativeTarget;
			buildConfigurationList = 13B07F931A680F5B00A75B9A /* Build configuration list for PBXNativeTarget "aiademo" */;
			buildPhases = (
				C38B50BA6285516D6DCD4F65 /* [CP] Check Pods Manifest.lock */,
				13B07F871A680F5B00A75B9A /* Sources */,
				13B07F8C1A680F5B00A75B9A /* Frameworks */,
				13B07F8E1A680F5B00A75B9A /* Resources */,
				00DD1BFF1BD5951E006B06BC /* Bundle React Native code and images */,
				00EEFC60759A1932668264C0 /* [CP] Embed Pods Frameworks */,
				E235C05ADACE081382539298 /* [CP] Copy Pods Resources */,
			);
			buildRules = (
			);
			dependencies = (
			);
			name = aiademo;
			productName = aiademo;
			productReference = 13B07F961A680F5B00A75B9A /* aiademo.app */;
			productType = "com.apple.product-type.application";
		};
/* End PBXNativeTarget section */

/* Begin PBXProject section */
		83CBB9F71A601CBA00E9B192 /* Project object */ = {
			isa = PBXProject;
			attributes = {
				LastUpgradeCheck = 1210;
				TargetAttributes = {
					13B07F861A680F5B00A75B9A = {
						LastSwiftMigration = 1120;
					};
				};
			};
			buildConfigurationList = 83CBB9FA1A601CBA00E9B192 /* Build configuration list for PBXProject "aiademo" */;
			compatibilityVersion = "Xcode 12.0";
			developmentRegion = en;
			hasScannedForEncodings = 0;
			knownRegions = (
				en,
				Base,
			);
			mainGroup = 83CBB9F61A601CBA00E9B192;
			productRefGroup = 83CBBA001A601CBA00E9B192 /* Products */;
			projectDirPath = "";
			projectRoot = "";
			targets = (
				13B07F861A680F5B00A75B9A /* aiademo */,
			);
		};
/* End PBXProject section */

/* Begin PBXResourcesBuildPhase section */
		13B07F8E1A680F5B00A75B9A /* Resources */ = {
			isa = PBXResourcesBuildPhase;
			buildActionMask = 2147483647;
			files = (
				81AB9BB82411601600AC10FF /* LaunchScreen.storyboard in Resources */,
				13B07FBF1A68108700A75B9A /* Images.xcassets in Resources */,
				5A5924FC5FFA84611464951A /* PrivacyInfo.xcprivacy in Resources */,
				2B2CD515D6D34D0A9DBED174 /* Poppins-Black.ttf in Resources */,
				37D190F5C4D840A1B81921B6 /* Poppins-BlackItalic.ttf in Resources */,
				DC2A6F211D9A4577B85B39E9 /* Poppins-Bold.ttf in Resources */,
				06F47B5A3FFD4CFFA72115D9 /* Poppins-BoldItalic.ttf in Resources */,
				87D947234EE74C498C672EA2 /* Poppins-ExtraBold.ttf in Resources */,
				7E26EBBF318547BB80826B90 /* Poppins-ExtraBoldItalic.ttf in Resources */,
				635300348A3A4AE2B6B5C70A /* Poppins-ExtraLight.ttf in Resources */,
				183FC41C2DA3DD8600E093DC /* Foundation.ttf in Resources */,
				183FC41D2DA3DD8600E093DC /* FontAwesome5_Solid.ttf in Resources */,
				183FC41E2DA3DD8600E093DC /* FontAwesome5_Brands.ttf in Resources */,
				183FC41F2DA3DD8600E093DC /* Fontisto.ttf in Resources */,
				183FC4202DA3DD8600E093DC /* SimpleLineIcons.ttf in Resources */,
				183FC4212DA3DD8600E093DC /* FontAwesome6_Brands.ttf in Resources */,
				183FC4222DA3DD8600E093DC /* MaterialIcons.ttf in Resources */,
				183FC4232DA3DD8600E093DC /* EvilIcons.ttf in Resources */,
				183FC4242DA3DD8600E093DC /* FontAwesome6_Solid.ttf in Resources */,
				183FC4252DA3DD8600E093DC /* AntDesign.ttf in Resources */,
				183FC4262DA3DD8600E093DC /* Zocial.ttf in Resources */,
				183FC4272DA3DD8600E093DC /* Entypo.ttf in Resources */,
				183FC4282DA3DD8600E093DC /* Ionicons.ttf in Resources */,
				183FC4292DA3DD8600E093DC /* Octicons.ttf in Resources */,
				183FC42A2DA3DD8600E093DC /* FontAwesome.ttf in Resources */,
				183FC42B2DA3DD8600E093DC /* Feather.ttf in Resources */,
				183FC42C2DA3DD8600E093DC /* FontAwesome5_Regular.ttf in Resources */,
				183FC42D2DA3DD8600E093DC /* MaterialCommunityIcons.ttf in Resources */,
				183FC42E2DA3DD8600E093DC /* FontAwesome6_Regular.ttf in Resources */,
				A1A062AE08544E9FAB2C2AA8 /* Poppins-ExtraLightItalic.ttf in Resources */,
				3BBF16BF80584206B6644471 /* Poppins-Italic.ttf in Resources */,
				BF91B809507D49E59AD6EAE2 /* Poppins-Light.ttf in Resources */,
				9493D9B04005429B8F4AA60B /* Poppins-LightItalic.ttf in Resources */,
				81824ADD58684537B81E558D /* Poppins-Medium.ttf in Resources */,
				3E48CE0BB98442938E79B49C /* Poppins-MediumItalic.ttf in Resources */,
				AE35708139BA4C26979B2E6A /* Poppins-Regular.ttf in Resources */,
				F32E9C3C3A7D4071830F0C8D /* Poppins-SemiBold.ttf in Resources */,
				0FBD49AB15824AB29A529D87 /* Poppins-SemiBoldItalic.ttf in Resources */,
				5F4A2D68D9EB42ED84F61749 /* Poppins-Thin.ttf in Resources */,
				0A2E8B0D63E941FA9612814D /* Poppins-ThinItalic.ttf in Resources */,
				D5359D97322C4DD3B6C072C1 /* OFL.txt in Resources */,
			);
			runOnlyForDeploymentPostprocessing = 0;
		};
/* End PBXResourcesBuildPhase section */

/* Begin PBXShellScriptBuildPhase section */
		00DD1BFF1BD5951E006B06BC /* Bundle React Native code and images */ = {
			isa = PBXShellScriptBuildPhase;
			buildActionMask = 2147483647;
			files = (
			);
			inputPaths = (
				"$(SRCROOT)/.xcode.env.local",
				"$(SRCROOT)/.xcode.env",
			);
			name = "Bundle React Native code and images";
			outputPaths = (
			);
			runOnlyForDeploymentPostprocessing = 0;
			shellPath = /bin/sh;
			shellScript = "set -e\n\nWITH_ENVIRONMENT=\"$REACT_NATIVE_PATH/scripts/xcode/with-environment.sh\"\nREACT_NATIVE_XCODE=\"$REACT_NATIVE_PATH/scripts/react-native-xcode.sh\"\n\n/bin/sh -c \"$WITH_ENVIRONMENT $REACT_NATIVE_XCODE\"\n";
		};
		00EEFC60759A1932668264C0 /* [CP] Embed Pods Frameworks */ = {
			isa = PBXShellScriptBuildPhase;
			buildActionMask = 2147483647;
			files = (
			);
			inputFileListPaths = (
				"${PODS_ROOT}/Target Support Files/Pods-aiademo/Pods-aiademo-frameworks-${CONFIGURATION}-input-files.xcfilelist",
			);
			name = "[CP] Embed Pods Frameworks";
			outputFileListPaths = (
				"${PODS_ROOT}/Target Support Files/Pods-aiademo/Pods-aiademo-frameworks-${CONFIGURATION}-output-files.xcfilelist",
			);
			runOnlyForDeploymentPostprocessing = 0;
			shellPath = /bin/sh;
			shellScript = "\"${PODS_ROOT}/Target Support Files/Pods-aiademo/Pods-aiademo-frameworks.sh\"\n";
			showEnvVarsInLog = 0;
		};
		C38B50BA6285516D6DCD4F65 /* [CP] Check Pods Manifest.lock */ = {
			isa = PBXShellScriptBuildPhase;
			buildActionMask = 2147483647;
			files = (
			);
			inputFileListPaths = (
			);
			inputPaths = (
				"${PODS_PODFILE_DIR_PATH}/Podfile.lock",
				"${PODS_ROOT}/Manifest.lock",
			);
			name = "[CP] Check Pods Manifest.lock";
			outputFileListPaths = (
			);
			outputPaths = (
				"$(DERIVED_FILE_DIR)/Pods-aiademo-checkManifestLockResult.txt",
			);
			runOnlyForDeploymentPostprocessing = 0;
			shellPath = /bin/sh;
			shellScript = "diff \"${PODS_PODFILE_DIR_PATH}/Podfile.lock\" \"${PODS_ROOT}/Manifest.lock\" > /dev/null\nif [ $? != 0 ] ; then\n    # print error to STDERR\n    echo \"error: The sandbox is not in sync with the Podfile.lock. Run 'pod install' or update your CocoaPods installation.\" >&2\n    exit 1\nfi\n# This output is used by Xcode 'outputs' to avoid re-running this script phase.\necho \"SUCCESS\" > \"${SCRIPT_OUTPUT_FILE_0}\"\n";
			showEnvVarsInLog = 0;
		};
		E235C05ADACE081382539298 /* [CP] Copy Pods Resources */ = {
			isa = PBXShellScriptBuildPhase;
			buildActionMask = 2147483647;
			files = (
			);
			inputFileListPaths = (
				"${PODS_ROOT}/Target Support Files/Pods-aiademo/Pods-aiademo-resources-${CONFIGURATION}-input-files.xcfilelist",
			);
			name = "[CP] Copy Pods Resources";
			outputFileListPaths = (
				"${PODS_ROOT}/Target Support Files/Pods-aiademo/Pods-aiademo-resources-${CONFIGURATION}-output-files.xcfilelist",
			);
			runOnlyForDeploymentPostprocessing = 0;
			shellPath = /bin/sh;
			shellScript = "\"${PODS_ROOT}/Target Support Files/Pods-aiademo/Pods-aiademo-resources.sh\"\n";
			showEnvVarsInLog = 0;
		};
/* End PBXShellScriptBuildPhase section */

/* Begin PBXSourcesBuildPhase section */
		13B07F871A680F5B00A75B9A /* Sources */ = {
			isa = PBXSourcesBuildPhase;
			buildActionMask = 2147483647;
			files = (
				761780ED2CA45674006654EE /* AppDelegate.swift in Sources */,
			);
			runOnlyForDeploymentPostprocessing = 0;
		};
/* End PBXSourcesBuildPhase section */

/* Begin XCBuildConfiguration section */
		13B07F941A680F5B00A75B9A /* Debug */ = {
			isa = XCBuildConfiguration;
			baseConfigurationReference = 3B4392A12AC88292D35C810B /* Pods-aiademo.debug.xcconfig */;
			buildSettings = {
				ASSETCATALOG_COMPILER_APPICON_NAME = AppIcon;
				CLANG_ENABLE_MODULES = YES;
				CURRENT_PROJECT_VERSION = 1;
				DEVELOPMENT_TEAM = 68Z334876M;
				ENABLE_BITCODE = NO;
				INFOPLIST_FILE = aiademo/Info.plist;
				IPHONEOS_DEPLOYMENT_TARGET = 15.1;
				LD_RUNPATH_SEARCH_PATHS = (
					"$(inherited)",
					"@executable_path/Frameworks",
				);
				MARKETING_VERSION = 1.0;
				OTHER_LDFLAGS = (
					"$(inherited)",
					"-ObjC",
					"-lc++",
				);
				PRODUCT_BUNDLE_IDENTIFIER = "org.reactjs.native.example.$(PRODUCT_NAME:rfc1034identifier)";
				PRODUCT_NAME = aiademo;
				SWIFT_OPTIMIZATION_LEVEL = "-Onone";
				SWIFT_VERSION = 5.0;
				VERSIONING_SYSTEM = "apple-generic";
			};
			name = Debug;
		};
		13B07F951A680F5B00A75B9A /* Release */ = {
			isa = XCBuildConfiguration;
			baseConfigurationReference = 5709B34CF0A7D63546082F79 /* Pods-aiademo.release.xcconfig */;
			buildSettings = {
				ASSETCATALOG_COMPILER_APPICON_NAME = AppIcon;
				CLANG_ENABLE_MODULES = YES;
				CURRENT_PROJECT_VERSION = 1;
				DEVELOPMENT_TEAM = 68Z334876M;
				INFOPLIST_FILE = aiademo/Info.plist;
				IPHONEOS_DEPLOYMENT_TARGET = 15.1;
				LD_RUNPATH_SEARCH_PATHS = (
					"$(inherited)",
					"@executable_path/Frameworks",
				);
				MARKETING_VERSION = 1.0;
				OTHER_LDFLAGS = (
					"$(inherited)",
					"-ObjC",
					"-lc++",
				);
				PRODUCT_BUNDLE_IDENTIFIER = "org.reactjs.native.example.$(PRODUCT_NAME:rfc1034identifier)";
				PRODUCT_NAME = aiademo;
				SWIFT_VERSION = 5.0;
				VERSIONING_SYSTEM = "apple-generic";
			};
			name = Release;
		};
		83CBBA201A601CBA00E9B192 /* Debug */ = {
			isa = XCBuildConfiguration;
			buildSettings = {
				ALWAYS_SEARCH_USER_PATHS = NO;
				CLANG_ANALYZER_LOCALIZABILITY_NONLOCALIZED = YES;
				CLANG_CXX_LANGUAGE_STANDARD = "c++20";
				CLANG_CXX_LIBRARY = "libc++";
				CLANG_ENABLE_MODULES = YES;
				CLANG_ENABLE_OBJC_ARC = YES;
				CLANG_WARN_BLOCK_CAPTURE_AUTORELEASING = YES;
				CLANG_WARN_BOOL_CONVERSION = YES;
				CLANG_WARN_COMMA = YES;
				CLANG_WARN_CONSTANT_CONVERSION = YES;
				CLANG_WARN_DEPRECATED_OBJC_IMPLEMENTATIONS = YES;
				CLANG_WARN_DIRECT_OBJC_ISA_USAGE = YES_ERROR;
				CLANG_WARN_EMPTY_BODY = YES;
				CLANG_WARN_ENUM_CONVERSION = YES;
				CLANG_WARN_INFINITE_RECURSION = YES;
				CLANG_WARN_INT_CONVERSION = YES;
				CLANG_WARN_NON_LITERAL_NULL_CONVERSION = YES;
				CLANG_WARN_OBJC_IMPLICIT_RETAIN_SELF = YES;
				CLANG_WARN_OBJC_LITERAL_CONVERSION = YES;
				CLANG_WARN_OBJC_ROOT_CLASS = YES_ERROR;
				CLANG_WARN_QUOTED_INCLUDE_IN_FRAMEWORK_HEADER = YES;
				CLANG_WARN_RANGE_LOOP_ANALYSIS = YES;
				CLANG_WARN_STRICT_PROTOTYPES = YES;
				CLANG_WARN_SUSPICIOUS_MOVE = YES;
				CLANG_WARN_UNREACHABLE_CODE = YES;
				CLANG_WARN__DUPLICATE_METHOD_MATCH = YES;
				"CODE_SIGN_IDENTITY[sdk=iphoneos*]" = "iPhone Developer";
				COPY_PHASE_STRIP = NO;
				ENABLE_STRICT_OBJC_MSGSEND = YES;
				ENABLE_TESTABILITY = YES;
				"EXCLUDED_ARCHS[sdk=iphonesimulator*]" = "";
				GCC_C_LANGUAGE_STANDARD = gnu99;
				GCC_DYNAMIC_NO_PIC = NO;
				GCC_NO_COMMON_BLOCKS = YES;
				GCC_OPTIMIZATION_LEVEL = 0;
				GCC_PREPROCESSOR_DEFINITIONS = (
					"DEBUG=1",
					"$(inherited)",
				);
				GCC_SYMBOLS_PRIVATE_EXTERN = NO;
				GCC_WARN_64_TO_32_BIT_CONVERSION = YES;
				GCC_WARN_ABOUT_RETURN_TYPE = YES_ERROR;
				GCC_WARN_UNDECLARED_SELECTOR = YES;
				GCC_WARN_UNINITIALIZED_AUTOS = YES_AGGRESSIVE;
				GCC_WARN_UNUSED_FUNCTION = YES;
				GCC_WARN_UNUSED_VARIABLE = YES;
				IPHONEOS_DEPLOYMENT_TARGET = 15.1;
				LD_RUNPATH_SEARCH_PATHS = (
					/usr/lib/swift,
					"$(inherited)",
				);
				LIBRARY_SEARCH_PATHS = (
					"\"$(SDKROOT)/usr/lib/swift\"",
					"\"$(TOOLCHAIN_DIR)/usr/lib/swift/$(PLATFORM_NAME)\"",
					"\"$(inherited)\"",
				);
				MTL_ENABLE_DEBUG_INFO = YES;
				ONLY_ACTIVE_ARCH = YES;
				OTHER_CPLUSPLUSFLAGS = (
					"$(OTHER_CFLAGS)",
					"-DFOLLY_NO_CONFIG",
					"-DFOLLY_MOBILE=1",
					"-DFOLLY_USE_LIBCPP=1",
					"-DFOLLY_CFG_NO_COROUTINES=1",
					"-DFOLLY_HAVE_CLOCK_GETTIME=1",
				);
				OTHER_LDFLAGS = (
					"$(inherited)",
					" ",
				);
				REACT_NATIVE_PATH = "${PODS_ROOT}/../../node_modules/react-native";
				SDKROOT = iphoneos;
				SWIFT_ACTIVE_COMPILATION_CONDITIONS = "$(inherited) DEBUG";
				USE_HERMES = true;
			};
			name = Debug;
		};
		83CBBA211A601CBA00E9B192 /* Release */ = {
			isa = XCBuildConfiguration;
			buildSettings = {
				ALWAYS_SEARCH_USER_PATHS = NO;
				CLANG_ANALYZER_LOCALIZABILITY_NONLOCALIZED = YES;
				CLANG_CXX_LANGUAGE_STANDARD = "c++20";
				CLANG_CXX_LIBRARY = "libc++";
				CLANG_ENABLE_MODULES = YES;
				CLANG_ENABLE_OBJC_ARC = YES;
				CLANG_WARN_BLOCK_CAPTURE_AUTORELEASING = YES;
				CLANG_WARN_BOOL_CONVERSION = YES;
				CLANG_WARN_COMMA = YES;
				CLANG_WARN_CONSTANT_CONVERSION = YES;
				CLANG_WARN_DEPRECATED_OBJC_IMPLEMENTATIONS = YES;
				CLANG_WARN_DIRECT_OBJC_ISA_USAGE = YES_ERROR;
				CLANG_WARN_EMPTY_BODY = YES;
				CLANG_WARN_ENUM_CONVERSION = YES;
				CLANG_WARN_INFINITE_RECURSION = YES;
				CLANG_WARN_INT_CONVERSION = YES;
				CLANG_WARN_NON_LITERAL_NULL_CONVERSION = YES;
				CLANG_WARN_OBJC_IMPLICIT_RETAIN_SELF = YES;
				CLANG_WARN_OBJC_LITERAL_CONVERSION = YES;
				CLANG_WARN_OBJC_ROOT_CLASS = YES_ERROR;
				CLANG_WARN_QUOTED_INCLUDE_IN_FRAMEWORK_HEADER = YES;
				CLANG_WARN_RANGE_LOOP_ANALYSIS = YES;
				CLANG_WARN_STRICT_PROTOTYPES = YES;
				CLANG_WARN_SUSPICIOUS_MOVE = YES;
				CLANG_WARN_UNREACHABLE_CODE = YES;
				CLANG_WARN__DUPLICATE_METHOD_MATCH = YES;
				"CODE_SIGN_IDENTITY[sdk=iphoneos*]" = "iPhone Developer";
				COPY_PHASE_STRIP = YES;
				ENABLE_NS_ASSERTIONS = NO;
				ENABLE_STRICT_OBJC_MSGSEND = YES;
				"EXCLUDED_ARCHS[sdk=iphonesimulator*]" = "";
				GCC_C_LANGUAGE_STANDARD = gnu99;
				GCC_NO_COMMON_BLOCKS = YES;
				GCC_WARN_64_TO_32_BIT_CONVERSION = YES;
				GCC_WARN_ABOUT_RETURN_TYPE = YES_ERROR;
				GCC_WARN_UNDECLARED_SELECTOR = YES;
				GCC_WARN_UNINITIALIZED_AUTOS = YES_AGGRESSIVE;
				GCC_WARN_UNUSED_FUNCTION = YES;
				GCC_WARN_UNUSED_VARIABLE = YES;
				IPHONEOS_DEPLOYMENT_TARGET = 15.1;
				LD_RUNPATH_SEARCH_PATHS = (
					/usr/lib/swift,
					"$(inherited)",
				);
				LIBRARY_SEARCH_PATHS = (
					"\"$(SDKROOT)/usr/lib/swift\"",
					"\"$(TOOLCHAIN_DIR)/usr/lib/swift/$(PLATFORM_NAME)\"",
					"\"$(inherited)\"",
				);
				MTL_ENABLE_DEBUG_INFO = NO;
				OTHER_CPLUSPLUSFLAGS = (
					"$(OTHER_CFLAGS)",
					"-DFOLLY_NO_CONFIG",
					"-DFOLLY_MOBILE=1",
					"-DFOLLY_USE_LIBCPP=1",
					"-DFOLLY_CFG_NO_COROUTINES=1",
					"-DFOLLY_HAVE_CLOCK_GETTIME=1",
				);
				OTHER_LDFLAGS = (
					"$(inherited)",
					" ",
				);
				REACT_NATIVE_PATH = "${PODS_ROOT}/../../node_modules/react-native";
				SDKROOT = iphoneos;
				USE_HERMES = true;
				VALIDATE_PRODUCT = YES;
			};
			name = Release;
		};
/* End XCBuildConfiguration section */

/* Begin XCConfigurationList section */
		13B07F931A680F5B00A75B9A /* Build configuration list for PBXNativeTarget "aiademo" */ = {
			isa = XCConfigurationList;
			buildConfigurations = (
				13B07F941A680F5B00A75B9A /* Debug */,
				13B07F951A680F5B00A75B9A /* Release */,
			);
			defaultConfigurationIsVisible = 0;
			defaultConfigurationName = Release;
		};
		83CBB9FA1A601CBA00E9B192 /* Build configuration list for PBXProject "aiademo" */ = {
			isa = XCConfigurationList;
			buildConfigurations = (
				83CBBA201A601CBA00E9B192 /* Debug */,
				83CBBA211A601CBA00E9B192 /* Release */,
			);
			defaultConfigurationIsVisible = 0;
			defaultConfigurationName = Release;
		};
/* End XCConfigurationList section */
	};
	rootObject = 83CBB9F71A601CBA00E9B192 /* Project object */;
}
